
Microsoft Visual Studio Solution File, Format Version 12.00
# Visual Studio 15
VisualStudioVersion = 15.0.27428.2005
MinimumVisualStudioVersion = 10.0.40219.1
Project("{FAE04EC0-301F-11D3-BF4B-00C04F79EFBC}") = "EFNgApp", "EFNgApp\EFNgApp.csproj", "{9BBCA854-153E-4668-A310-C8E9956D0EAF}"
EndProject
Global
	GlobalSection(SolutionConfigurationPlatforms) = preSolution
		Debug|Any CPU = Debug|Any CPU
		Release|Any CPU = Release|Any CPU
	EndGlobalSection
	GlobalSection(ProjectConfigurationPlatforms) = postSolution
		{9BBCA854-153E-4668-A310-C8E9956D0EAF}.Debug|Any CPU.ActiveCfg = Debug|Any CPU
		{9BBCA854-153E-4668-A310-C8E9956D0EAF}.Debug|Any CPU.Build.0 = Debug|Any CPU
		{9BBCA854-153E-4668-A310-C8E9956D0EAF}.Release|Any CPU.ActiveCfg = Release|Any CPU
		{9BBCA854-153E-4668-A310-C8E9956D0EAF}.Release|Any CPU.Build.0 = Release|Any CPU
	EndGlobalSection
	GlobalSection(SolutionProperties) = preSolution
		HideSolutionNode = FALSE
	EndGlobalSection
	GlobalSection(ExtensibilityGlobals) = postSolution
		SolutionGuid = {12A480E5-4C22-464C-9138-D5D8BBE42958}
	EndGlobalSection
EndGlobal
